
Microsoft Visual Studio Solution File, Format Version 12.00
# Visual Studio Version 17
VisualStudioVersion = 17.14.36301.6 d17.14
MinimumVisualStudioVersion = 10.0.40219.1
Project("{FAE04EC0-301F-11D3-BF4B-00C04F79EFBC}") = "JwtAuthDemo3", "JwtAuthDemo3.csproj", "{28A7B25C-CCF0-44BF-AEED-D6FC638FDFED}"
EndProject
Global
	GlobalSection(SolutionConfigurationPlatforms) = preSolution
		Debug|Any CPU = Debug|Any CPU
		Release|Any CPU = Release|Any CPU
	EndGlobalSection
	GlobalSection(ProjectConfigurationPlatforms) = postSolution
		{28A7B25C-CCF0-44BF-AEED-D6FC638FDFED}.Debug|Any CPU.ActiveCfg = Debug|Any CPU
		{28A7B25C-CCF0-44BF-AEED-D6FC638FDFED}.Debug|Any CPU.Build.0 = Debug|Any CPU
		{28A7B25C-CCF0-44BF-AEED-D6FC638FDFED}.Release|Any CPU.ActiveCfg = Release|Any CPU
		{28A7B25C-CCF0-44BF-AEED-D6FC638FDFED}.Release|Any CPU.Build.0 = Release|Any CPU
	EndGlobalSection
	GlobalSection(SolutionProperties) = preSolution
		HideSolutionNode = FALSE
	EndGlobalSection
	GlobalSection(ExtensibilityGlobals) = postSolution
		SolutionGuid = {60442533-5235-4F5C-B0D8-A174EE057C4D}
	EndGlobalSection
EndGlobal
