
Microsoft Visual Studio Solution File, Format Version 12.00
# Visual Studio Version 17
VisualStudioVersion = 17.14.36301.6 d17.14
MinimumVisualStudioVersion = 10.0.40219.1
Project("{FAE04EC0-301F-11D3-BF4B-00C04F79EFBC}") = "JwtAuthDemo4", "JwtAuthDemo4.csproj", "{D43B5146-96A2-4A9D-A059-A6EC8E96C1FA}"
EndProject
Global
	GlobalSection(SolutionConfigurationPlatforms) = preSolution
		Debug|Any CPU = Debug|Any CPU
		Release|Any CPU = Release|Any CPU
	EndGlobalSection
	GlobalSection(ProjectConfigurationPlatforms) = postSolution
		{D43B5146-96A2-4A9D-A059-A6EC8E96C1FA}.Debug|Any CPU.ActiveCfg = Debug|Any CPU
		{D43B5146-96A2-4A9D-A059-A6EC8E96C1FA}.Debug|Any CPU.Build.0 = Debug|Any CPU
		{D43B5146-96A2-4A9D-A059-A6EC8E96C1FA}.Release|Any CPU.ActiveCfg = Release|Any CPU
		{D43B5146-96A2-4A9D-A059-A6EC8E96C1FA}.Release|Any CPU.Build.0 = Release|Any CPU
	EndGlobalSection
	GlobalSection(SolutionProperties) = preSolution
		HideSolutionNode = FALSE
	EndGlobalSection
	GlobalSection(ExtensibilityGlobals) = postSolution
		SolutionGuid = {9CB0EE10-BBCC-418F-8C93-2F8CCB664542}
	EndGlobalSection
EndGlobal
