
Microsoft Visual Studio Solution File, Format Version 12.00
# Visual Studio Version 17
VisualStudioVersion = 17.14.36301.6 d17.14
MinimumVisualStudioVersion = 10.0.40219.1
Project("{FAE04EC0-301F-11D3-BF4B-00C04F79EFBC}") = "WebApplication5", "WebApplication5.csproj", "{AF6DB5D2-DC8D-4B14-BE44-6F2C9218E960}"
EndProject
Global
	GlobalSection(SolutionConfigurationPlatforms) = preSolution
		Debug|Any CPU = Debug|Any CPU
		Release|Any CPU = Release|Any CPU
	EndGlobalSection
	GlobalSection(ProjectConfigurationPlatforms) = postSolution
		{AF6DB5D2-DC8D-4B14-BE44-6F2C9218E960}.Debug|Any CPU.ActiveCfg = Debug|Any CPU
		{AF6DB5D2-DC8D-4B14-BE44-6F2C9218E960}.Debug|Any CPU.Build.0 = Debug|Any CPU
		{AF6DB5D2-DC8D-4B14-BE44-6F2C9218E960}.Release|Any CPU.ActiveCfg = Release|Any CPU
		{AF6DB5D2-DC8D-4B14-BE44-6F2C9218E960}.Release|Any CPU.Build.0 = Release|Any CPU
	EndGlobalSection
	GlobalSection(SolutionProperties) = preSolution
		HideSolutionNode = FALSE
	EndGlobalSection
	GlobalSection(ExtensibilityGlobals) = postSolution
		SolutionGuid = {21D3EEA1-DB75-4C0A-AA90-219280080950}
	EndGlobalSection
EndGlobal
