
Microsoft Visual Studio Solution File, Format Version 12.00
# Visual Studio Version 17
VisualStudioVersion = 17.14.36301.6 d17.14
MinimumVisualStudioVersion = 10.0.40219.1
Project("{FAE04EC0-301F-11D3-BF4B-00C04F79EFBC}") = "JwtAuthDemo2", "JwtAuthDemo2.csproj", "{ABD81255-EE67-4F06-98CD-DE0F5164F29D}"
EndProject
Global
	GlobalSection(SolutionConfigurationPlatforms) = preSolution
		Debug|Any CPU = Debug|Any CPU
		Release|Any CPU = Release|Any CPU
	EndGlobalSection
	GlobalSection(ProjectConfigurationPlatforms) = postSolution
		{ABD81255-EE67-4F06-98CD-DE0F5164F29D}.Debug|Any CPU.ActiveCfg = Debug|Any CPU
		{ABD81255-EE67-4F06-98CD-DE0F5164F29D}.Debug|Any CPU.Build.0 = Debug|Any CPU
		{ABD81255-EE67-4F06-98CD-DE0F5164F29D}.Release|Any CPU.ActiveCfg = Release|Any CPU
		{ABD81255-EE67-4F06-98CD-DE0F5164F29D}.Release|Any CPU.Build.0 = Release|Any CPU
	EndGlobalSection
	GlobalSection(SolutionProperties) = preSolution
		HideSolutionNode = FALSE
	EndGlobalSection
	GlobalSection(ExtensibilityGlobals) = postSolution
		SolutionGuid = {02ABD293-47C5-4770-B12D-5CFA3AB13BE0}
	EndGlobalSection
EndGlobal
